name: Apply LukeAnimate Layer Locking

on:
  push:
    paths:
      - '.github/layer-lock-patch.trigger'

permissions:
  contents: write

jobs:
  patch-layer-locking:
    runs-on: ubuntu-latest
    steps:
      - name: Checkout
        uses: actions/checkout@v4
        with:
          fetch-depth: 0

      - name: Apply layer locking patch
        shell: bash
        run: |
          echo 'ZnJvbSBwYXRobGliIGltcG9ydCBQYXRoCmltcG9ydCByZSwgc3lzCnA9UGF0aCgnaW5kZXguaHRtbCcpCnM9cC5yZWFkX3RleHQoZW5jb2Rpbmc9J3V0Zi04JykKb3JpZz1zCgpjb21tZW50PSc8IS0tIEx1a2VBbmltYXRlIEdQVCB2MTg0OiBwZXJzaXN0ZW50IGxheWVyIGxvY2tzIHdpdGggcGVyLWxheWVyIHBhZGxvY2tzLCBMb2NrIE90aGVycyBhbmQgVW5sb2NrIEFsbC4gTG9ja2VkIGxheWVycyByZW1haW4gdmlzaWJsZSwgYW5pbWF0ZWQgYW5kIGV4cG9ydGFibGUgd2hpbGUgcHJvdGVjdGVkIGZyb20gc2VsZWN0aW9uIGFuZCBlZGl0aW5nLiAtLT5cbicKaWYgJ0x1a2VBbmltYXRlIEdQVCB2MTg0OiBwZXJzaXN0ZW50IGxheWVyIGxvY2tzJyBub3QgaW4gczoKICAgIHM9Y29tbWVudCtzCnM9cy5yZXBsYWNlKCc8dGl0bGU+THVrZSBBbmltYXRlIHYxODM8L3RpdGxlPicsJzx0aXRsZT5MdWtlIEFuaW1hdGUgdjE4NDwvdGl0bGU+JywxKQoKY3NzPScnJ1xuICAvKiAtLS0tLS0tLS0tIHYxODQgcGVyc2lzdGVudCBsYXllciBsb2NraW5nIC0tLS0tLS0tLS0gKi9cbiAgLmxheWVyLXJvdy5sYXllci1sb2NrZWR7XG4gICAgYmFja2dyb3VuZDojZWNlZmYyO1xuICAgIGJvcmRlci1jb2xvcjojYzZjY2Q0O1xuICB9XG4gIC5sYXllci1yb3cubGF5ZXItbG9ja2VkIC5sYXllci1uYW1le2NvbG9yOnZhcigtLXRleHQtZGltKTt9XG4gIC5sYXllci1sb2NrLWJ0bntcbiAgICBmbGV4OjAgMCAyNXB4OyB3aWR0aDoyNXB4OyBoZWlnaHQ6MjRweDsgbWluLXdpZHRoOjI1cHg7IHBhZGRpbmc6MDtcbiAgICBib3JkZXI6MXB4IHNvbGlkICNjN2NjZDM7IGJvcmRlci1yYWRpdXM6NXB4OyBiYWNrZ3JvdW5kOiNmZmY7XG4gICAgY29sb3I6IzY1NzA3ZDsgY3Vyc29yOnBvaW50ZXI7IGxpbmUtaGVpZ2h0OjE7IGZvbnQtc2l6ZToxNHB4O1xuICAgIGRpc3BsYXk6aW5saW5lLWZsZXg7IGFsaWduLWl0ZW1zOmNlbnRlcjsganVzdGlmeS1jb250ZW50OmNlbnRlcjtcbiAgfVxuICAubGF5ZXItbG9jay1idG46aG92ZXJ7Y29sb3I6dmFyKC0tYWNjZW50KTtib3JkZXItY29sb3I6dmFyKC0tYWNjZW50KTt9XG4gIC5sYXllci1sb2NrLWJ0bi5sb2NrZWR7Y29sb3I6IzlhNjUwODtiYWNrZ3JvdW5kOiNmZmY0ZDg7Ym9yZGVyLWNvbG9yOiNkNGFkNTU7fVxuICAubGF5ZXItcm93LmxheWVyLWxvY2tlZCAubGF5ZXItc3RhY2stYnRuLFxuICAubGF5ZXItcm93LmxheWVyLWxvY2tlZCAud2ljay1sYXllci1kZWxldGUtYnV0dG9ue29wYWNpdHk6LjI4O3BvaW50ZXItZXZlbnRzOm5vbmU7fVxuICAjYnRuLWxvY2stb3RoZXJzLCNidG4tdW5sb2NrLWFsbHttaW4td2lkdGg6MDt9XG4nJycKY3NzX21hcmtlcj0nICAvKiAtLS0tLS0tLS0tIGxheWVycyBwYW5lbCAtLS0tLS0tLS0tICovJwppZiAndjE4NCBwZXJzaXN0ZW50IGxheWVyIGxvY2tpbmcnIG5vdCBpbiBzOgogICAgaWYgY3NzX21hcmtlciBub3QgaW4gczogcmFpc2UgU3lzdGVtRXhpdCgnQ1NTIG1hcmtlciBtaXNzaW5nJykKICAgIHM9cy5yZXBsYWNlKGNzc19tYXJrZXIsY3NzKyJcbiIrY3NzX21hcmtlciwxKQoKb2xkX2h0bWw9JycnICAgIDxkaXYgY2xhc3M9ImJ0bi1yb3ciPlxuICAgICAgPGJ1dHRvbiBjbGFzcz0iYnRuIHNtYWxsIiBpZD0iYnRuLWFkZC1sYXllciIgdGl0bGU9IkR1cGxpY2F0ZSB0aGUgc2VsZWN0ZWQgaW5kZXBlbmRlbnQgbGF5ZXIiPkR1cGxpY2F0ZSBTZWxlY3RlZCBMYXllcjwvYnV0dG9uPlxuICAgICAgPGJ1dHRvbiBjbGFzcz0iYnRuIHNtYWxsIGRhbmdlciIgaWQ9ImJ0bi1kZWwtbGF5ZXIiPkRlbGV0ZSBTZWxlY3RlZDwvYnV0dG9uPlxuICAgIDwvZGl2PicnJwpuZXdfaHRtbD1vbGRfaHRtbCsnJydcbiAgICA8ZGl2IGNsYXNzPSJidG4tcm93Ij5cbiAgICAgIDxidXR0b24gY2xhc3M9ImJ0biBzbWFsbCIgaWQ9ImJ0bi1sb2NrLW90aGVycyIgdGl0bGU9IkxvY2sgZXZlcnkgbGF5ZXIgZXhjZXB0IHRoZSBsYXllciBvciBsYXllcnMgeW91IGFyZSB3b3JraW5nIG9uIj5Mb2NrIE90aGVyczwvYnV0dG9uPlxuICAgICAgPGJ1dHRvbiBjbGFzcz0iYnRuIHNtYWxsIiBpZD0iYnRuLXVubG9jay1hbGwiIHRpdGxlPSJVbmxvY2sgZXZlcnkgbGF5ZXIiPlVubG9jayBBbGw8L2J1dHRvbj5cbiAgICA8L2Rpdj4nJycKaWYgJ2lkPSJidG4tbG9jay1vdGhlcnMiJyBub3QgaW4gczoKICAgIGlmIG9sZF9odG1sIG5vdCBpbiBzOiByYWlzZSBTeXN0ZW1FeGl0KCdBbGwgTGF5ZXJzIGJ1dHRvbiBtYXJrZXIgbWlzc2luZycpCiAgICBzPXMucmVwbGFjZShvbGRfaHRtbCxuZXdfaHRtbCwxKQoKc2NyaXB0PXInJydcbjxzY3JpcHQ+XG4vKiBMdWtlQW5pbWF0ZSB2MTg0IGxheWVyIGxvY2tpbmcgZXh0ZW5zaW9uLiBMb2NrIHN0YXRlIGlzIHN0b3JlZCBkaXJlY3RseSBvbiB0aGUgZXhpc3RpbmcgbGF5ZXIvb2JqZWN0IGRhdGEgc28gbm9ybWFsIHByb2plY3Qgc2VyaWFsaXphdGlvbiBwcmVzZXJ2ZXMgaXQuICovXG4oZnVuY3Rpb24oKXtcbiAgJ3VzZSBzdHJpY3QnO1xuXG4gIGZ1bmN0aW9uIGRyYXdMb2NrZWQoaW5kZXgpe1xuICAgIGNvbnN0IG9iaiA9IEFycmF5LmlzQXJyYXkoZHJhd09iamVjdHMpID8gZHJhd09iamVjdHNbaW5kZXhdIDogbnVsbDtcbiAgICByZXR1cm4gISEob2JqICYmIG9iai5sYXllckxvY2tlZCA9PT0gdHJ1ZSk7XG4gIH1cbiAgZnVuY3Rpb24gZWZmZWN0TG9ja2VkKGluZGV4KXtcbiAgICBjb25zdCBsYXllciA9IEFycmF5LmlzQXJyYXkobGF5ZXJzKSA/IGxheWVyc1tpbmRleF0gOiBudWxsO1xuICAgIHJldHVybiAhIShsYXllciAmJiBsYXllci5sYXllckxvY2tlZCA9PT0gdHJ1ZSk7XG4gIH1cbiAgZnVuY3Rpb24gY2xlYXJMb2NrZWRTZWxlY3Rpb24oKXtcbiAgICBpZih0eXBlb2Ygc2VsZWN0ZWREcmF3SW5kaWNlcyAhPT0gJ3VuZGVmaW5lZCcgJiYgc2VsZWN0ZWREcmF3SW5kaWNlcyAmJiB0eXBlb2Ygc2VsZWN0ZWREcmF3SW5kaWNlcy5mb3JFYWNoID09PSAnZnVuY3Rpb24nKXtcbiAgICAgIEFycmF5LmZyb20oc2VsZWN0ZWREcmF3SW5kaWNlcykuZm9yRWFjaChpbmRleD0+eyBpZihkcmF3TG9ja2VkKGluZGV4KSkgc2VsZWN0ZWREcmF3SW5kaWNlcy5kZWxldGUoaW5kZXgpOyB9KTtcbiAgICB9XG4gICAgdHJ5e1xuICAgICAgaWYodHlwZW9mIGFjdGl2ZUluZGV4ICE9PSAndW5kZWZpbmVkJyAmJiBlZmZlY3RMb2NrZWQoYWN0aXZlSW5kZXgpICYmICghc2VsZWN0ZWREcmF3SW5kaWNlcyB8fCBzZWxlY3RlZERyYXdJbmRpY2VzLnNpemU9PT0wKSkgYWN0aXZlSW5kZXg9LTE7XG4gICAgfWNhdGNoKF9lKXt9XG4gIH1cbiAgZnVuY3Rpb24gcmVmcmVzaExvY2tVSSgpe1xuICAgIGNsZWFyTG9ja2VkU2VsZWN0aW9uKCk7XG4gICAgdHJ5eyBpZih0eXBlb2YgcmVuZGVyTGF5ZXJMaXN0PT09J2Z1bmN0aW9uJykgcmVuZGVyTGF5ZXJMaXN0KCk7IH1jYXRjaChfZSl7fVxuICAgIHRyeXsgaWYodHlwZW9mIHJlbmRlclRpbWVsaW5lPT09J2Z1bmN0aW9uJykgcmVuZGVyVGltZWxpbmUoKTsgfWNhdGNoKF9lKXt9XG4gICAgdHJ5eyBpZih0eXBlb2YgcmVuZGVyT3ZlcmxheT09PSdmdW5jdGlvbicpIHJlbmRlck92ZXJsYXkoKTsgfWNhdGNoKF9lKXt9XG4gICAgdHJ5eyBpZih0eXBlb2YgdXBkYXRlSW5zcGVjdG9yPT09J2Z1bmN0aW9uJykgdXBkYXRlSW5zcGVjdG9yKCk7IH1jYXRjaChfZSl7fVxuICB9XG4gIGZ1bmN0aW9uIG1ha2VMb2NrQnV0dG9uKGxvY2tlZCxvblRvZ2dsZSl7XG4gICAgY29uc3QgYnV0dG9uPWRvY3VtZW50LmNyZWF0ZUVsZW1lbnQoJ2J1dHRvbicpO1xuICAgIGJ1dHRvbi50eXBlPSdidXR0b24nO1xuICAgIGJ1dHRvbi5jbGFzc05hbWU9J2xheWVyLWxvY2stYnRuJysobG9ja2VkPycgbG9ja2VkJzonJyk7XG4gICAgYnV0dG9uLnRleHRDb250ZW50PWxvY2tlZD8n8J+Ukic6J/CflJMnO1xuICAgIGJ1dHRvbi50aXRsZT1sb2NrZWQ/J1VubG9jayBsYXllcic6J0xvY2sgbGF5ZXInO1xuICAgIGJ1dHRvbi5zZXRBdHRyaWJ1dGUoJ2FyaWEtbGFiZWwnLGJ1dHRvbi50aXRsZSk7XG4gICAgYnV0dG9uLmFkZEV2ZW50TGlzdGVuZXIoJ2NsaWNrJyxldmVudD0+e1xuICAgICAgZXZlbnQucHJldmVudERlZmF1bHQoKTtcbiAgICAgIGV2ZW50LnN0b3BQcm9wYWdhdGlvbigpO1xuICAgICAgb25Ub2dnbGUoIWxvY2tlZCk7XG4gICAgfSk7XG4gICAgcmV0dXJuIGJ1dHRvbjtcbiAgfVxuXG4gIGZ1bmN0aW9uIGRlY29yYXRlTGF5ZXJSb3dzKCl7XG4gICAgY29uc3QgbGlzdD1kb2N1bWVudC5nZXRFbGVtZW50QnlJZCgnbGF5ZXItbGlzdCcpO1xuICAgIGlmKCFsaXN0KSByZXR1cm47XG5cbiAgICBjb25zdCBlZmZlY3RSb3dzPUFycmF5LmZyb20obGlzdC5xdWVyeVNlbGVjdG9yQWxsKCcubGF5ZXItcm93LmVmZmVjdC1sYXllcicpKTtcbiAgICBjb25zdCBlZmZlY3RFbnRyaWVzPShBcnJheS5pc0FycmF5KGxheWVycyk/bGF5ZXJzOltdKVxuICAgICAgLm1hcCgobGF5ZXIsaWR4KT0+KHtsYXllcixpZHh9KSlcbiAgICAgIC5maWx0ZXIoKHtsYXllcn0pPT5sYXllciAmJiBsYXllci50eXBlIT09J3Jhc3RlcicgJiYgbGF5ZXIudHlwZSE9PSd2aWRlbycpXG4gICAgICAucmV2ZXJzZSgpO1xuICAgIGVmZmVjdFJvd3MuZm9yRWFjaCgocm93LHBvcyk9PntcbiAgICAgIGNvbnN0IGVudHJ5PWVmZmVjdEVudHJpZXNbcG9zXTtcbiAgICAgIGlmKCFlbnRyeSkgcmV0dXJuO1xuICAgICAgY29uc3QgbG9ja2VkPWVudHJ5LmxheWVyLmxheWVyTG9ja2VkPT09dHJ1ZTtcbiAgICAgIHJvdy5jbGFzc0xpc3QudG9nZ2xlKCdsYXllci1sb2NrZWQnLGxvY2tlZCk7XG4gICAgICByb3cuZGF0YXNldC5sYXllckxvY2tLaW5kPSdlZmZlY3QnO1xuICAgICAgcm93LmRhdGFzZXQubGF5ZXJMb2NrSW5kZXg9U3RyaW5nKGVudHJ5LmlkeCk7XG4gICAgICBjb25zdCBvbGQ9cm93LnF1ZXJ5U2VsZWN0b3IoJy5sYXllci1sb2NrLWJ0bicpO1xuICAgICAgaWYob2xkKSBvbGQucmVtb3ZlKCk7XG4gICAgICByb3cuYXBwZW5kQ2hpbGQobWFrZUxvY2tCdXR0b24obG9ja2VkLHZhbHVlPT57XG4gICAgICAgIGVudHJ5LmxheWVyLmxheWVyTG9ja2VkPSEhdmFsdWU7XG4gICAgICAgIHJlZnJlc2hMb2NrVUkoKTtcbiAgICAgIH0pKTtcbiAgICB9KTtcblxuICAgIGNvbnN0IG9iamVjdFJvd3M9QXJyYXkuZnJvbShsaXN0LnF1ZXJ5U2VsZWN0b3JBbGwoJy5sYXllci1yb3cub2JqZWN0LWxheWVyJykpO1xuICAgIGxldCBlbnRyaWVzPVtdO1xuICAgIHRyeXtcbiAgICAgIGNvbnN0IGlzb2xhdGVkPXR5cGVvZiBnZXRJc29sYXRlZEdyb3VwSW5mbz09PSdmdW5jdGlvbic/Z2V0SXNvbGF0ZWRHcm91cEluZm8oKTpudWxsO1xuICAgICAgZW50cmllcz1pc29sYXRlZFxuICAgICAgICA/IFt7b2JqOmlzb2xhdGVkLmNoaWxkLGlkeDppc29sYXRlZC5yb290SW5kZXgsaXNvbGF0ZWQ6dHJ1ZX1dXG4gICAgICAgIDogKEFycmF5LmlzQXJyYXkoZHJhd09iamVjdHMpP2RyYXdPYmplY3RzOltdKS5tYXAoKG9iaixpZHgpPT4oe29iaixpZHgsaXNvbGF0ZWQ6ZmFsc2V9KSkucmV2ZXJzZSgpO1xuICAgIH1jYXRjaChfZSl7XG4gICAgICBlbnRyaWVzPShBcnJheS5pc0FycmF5KGRyYXdPYmplY3RzKT9kcmF3T2JqZWN0czpbXSkubWFwKChvYmosaWR4KT0+KHtvYmosaWR4LGlzb2xhdGVkOmZhbHNlfSkpLnJldmVyc2UoKTtcbiAgICB9XG4gICAgb2JqZWN0Um93cy5mb3JFYWNoKChyb3cscG9zKT0+e1xuICAgICAgY29uc3QgZW50cnk9ZW50cmllc1twb3NdO1xuICAgICAgaWYoIWVudHJ5IHx8ICFlbnRyeS5vYmopIHJldHVybjtcbiAgICAgIGlmKHR5cGVvZiBlbnRyeS5vYmoubGF5ZXJMb2NrZWQhPT0nYm9vbGVhbicpIGVudHJ5Lm9iai5sYXllckxvY2tlZD1mYWxzZTtcbiAgICAgIGNvbnN0IGxvY2tlZD1lbnRyeS5vYmoubGF5ZXJMb2NrZWQ9PT10cnVlO1xuICAgICAgcm93LmNsYXNzTGlzdC50b2dnbGUoJ2xheWVyLWxvY2tlZCcsbG9ja2VkKTtcbiAgICAgIHJvdy5kYXRhc2V0LmxheWVyTG9ja0tpbmQ9J2RyYXcnO1xuICAgICAgcm93LmRhdGFzZXQubGF5ZXJMb2NrSW5kZXg9U3RyaW5nKGVudHJ5LmlkeCk7XG4gICAgICBjb25zdCBvbGQ9cm93LnF1ZXJ5U2VsZWN0b3IoJy5sYXllci1sb2NrLWJ0bicpO1xuICAgICAgaWYob2xkKSBvbGQucmVtb3ZlKCk7XG4gICAgICByb3cuYXBwZW5kQ2hpbGQobWFrZUxvY2tCdXR0b24obG9ja2VkLHZhbHVlPT57XG4gICAgICAgIGVudHJ5Lm9iai5sYXllckxvY2tlZD0hIXZhbHVlO1xuICAgICAgICByZWZyZXNoTG9ja1VJKCk7XG4gICAgICB9KSk7XG4gICAgfSk7XG4gIH1cblxuICAvLyBDZW50cmFsIHNlbGVjdGlvbiBndWFyZHMuIFRoaXMgcHJvdGVjdHMgc3RhZ2UgY2xpY2tzLCBsYXllciByb3dzLCB0aW1lbGluZSByb3dzIGFuZCBjb25maWd1cmVkIHRvb2xzIHRoYXQgdXNlIG5vcm1hbCBMdWtlIEFuaW1hdGUgc2VsZWN0aW9uLlxuICBpZih0eXBlb2Ygc2VsZWN0RHJhd09iamVjdD09PSdmdW5jdGlvbicpe1xuICAgIGNvbnN0IG9yaWdpbmFsU2VsZWN0RHJhd09iamVjdD1zZWxlY3REcmF3T2JqZWN0O1xuICAgIHNlbGVjdERyYXdPYmplY3Q9ZnVuY3Rpb24oaW5kZXgpe1xuICAgICAgaWYoZHJhd0xvY2tlZChpbmRleCkpIHJldHVybiBmYWxzZTtcbiAgICAgIHJldHVybiBvcmlnaW5hbFNlbGVjdERyYXdPYmplY3QuYXBwbHkodGhpcyxhcmd1bWVudHMpO1xuICAgIH07XG4gIH1cbiAgaWYodHlwZW9mIHNlbGVjdEVmZmVjdExheWVyPT09J2Z1bmN0aW9uJyl7XG4gICAgY29uc3Qgb3JpZ2luYWxTZWxlY3RFZmZlY3RMYXllcj1zZWxlY3RFZmZlY3RMYXllcjtcbiAgICBzZWxlY3RFZmZlY3RMYXllcj1mdW5jdGlvbihpbmRleCl7XG4gICAgICBpZihlZmZlY3RMb2NrZWQoaW5kZXgpKSByZXR1cm4gZmFsc2U7XG4gICAgICByZXR1cm4gb3JpZ2luYWxTZWxlY3RFZmZlY3RMYXllci5hcHBseSh0aGlzLGFyZ3VtZW50cyk7XG4gICAgfTtcbiAgfVxuXG4gIC8vIERlY29yYXRlIGV2ZXJ5IG5vcm1hbCBsYXllci1saXN0IHJlYnVpbGQuXG4gIGlmKHR5cGVvZiByZW5kZXJMYXllckxpc3Q9PT0nZnVuY3Rpb24nKXtcbiAgICBjb25zdCBvcmlnaW5hbFJlbmRlckxheWVyTGlzdD1yZW5kZXJMYXllckxpc3Q7XG4gICAgcmVuZGVyTGF5ZXJMaXN0PWZ1bmN0aW9uKCl7XG4gICAgICBjb25zdCByZXN1bHQ9b3JpZ2luYWxSZW5kZXJMYXllckxpc3QuYXBwbHkodGhpcyxhcmd1bWVudHMpO1xuICAgICAgZGVjb3JhdGVMYXllclJvd3MoKTtcbiAgICAgIHJldHVybiByZXN1bHQ7XG4gICAgfTtcbiAgfVxuXG4gIC8vIENvbmZpZ3VyZWQgdG9vbHMgc2hvdWxkIG5ldmVyIHJlY2VpdmUgbG9ja2VkIGRyYXdpbmcgb2JqZWN0cyBhcyB0aGVpciBlZGl0YWJsZSBzZWxlY3Rpb24uXG4gIHRyeXtcbiAgICBpZih0eXBlb2YgTHVrZUFuaW1hdGUhPT0ndW5kZWZpbmVkJyAmJiBMdWtlQW5pbWF0ZSAmJiB0eXBlb2YgTHVrZUFuaW1hdGUuZ2V0U2VsZWN0ZWREcmF3T2JqZWN0cz09PSdmdW5jdGlvbicpe1xuICAgICAgY29uc3Qgb3JpZ2luYWxHZXRTZWxlY3RlZD1MdWtlQW5pbWF0ZS5nZXRTZWxlY3RlZERyYXdPYmplY3RzLmJpbmQoTHVrZUFuaW1hdGUpO1xuICAgICAgTHVrZUFuaW1hdGUuZ2V0U2VsZWN0ZWREcmF3T2JqZWN0cz1mdW5jdGlvbigpe1xuICAgICAgICByZXR1cm4gKG9yaWdpbmFsR2V0U2VsZWN0ZWQoKXx8W10pLmZpbHRlcihvYmo9Pm9iaiAmJiBvYmoubGF5ZXJMb2NrZWQhPT10cnVlKTtcbiAgICAgIH07XG4gICAgfVxuICB9Y2F0Y2goX2Upe31cblxuICAvLyBCbG9jayBjb250cm9scyBpbnNpZGUgYSBsb2NrZWQgQWxsIExheWVycyByb3cgZXhjZXB0IHRoZSBwYWRsb2NrIGl0c2VsZi5cbiAgWydwb2ludGVyZG93bicsJ21vdXNlZG93bicsJ2NsaWNrJywnZGJsY2xpY2snLCdjb250ZXh0bWVudSddLmZvckVhY2godHlwZT0+e1xuICAgIGRvY3VtZW50LmFkZEV2ZW50TGlzdGVuZXIodHlwZSxldmVudD0+e1xuICAgICAgY29uc3Qgcm93PWV2ZW50LnRhcmdldCAmJiBldmVudC50YXJnZXQuY2xvc2VzdCA/IGV2ZW50LnRhcmdldC5jbG9zZXN0KCcjbGF5ZXItbGlzdCAubGF5ZXItcm93LmxheWVyLWxvY2tlZCcpIDogbnVsbDtcbiAgICAgIGlmKCFyb3cgfHwgKGV2ZW50LnRhcmdldC5jbG9zZXN0ICYmIGV2ZW50LnRhcmdldC5jbG9zZXN0KCcubGF5ZXItbG9jay1idG4nKSkpIHJldHVybjtcbiAgICAgIGV2ZW50LnByZXZlbnREZWZhdWx0KCk7XG4gICAgICBldmVudC5zdG9wSW1tZWRpYXRlUHJvcGFnYXRpb24oKTtcbiAgICAgIGV2ZW50LnN0b3BQcm9wYWdhdGlvbigpO1xuICAgIH0sdHJ1ZSk7XG4gIH0pO1xuXG4gIC8vIElmIGEgbG9ja2VkIG9iamVjdCBzb21laG93IHJlbWFpbmVkIHNlbGVjdGVkIGJlZm9yZSBhIGxvY2sgdG9nZ2xlL3Byb2plY3QgbG9hZCwgZGlzY2FyZCBpdCBiZWZvcmUgZWRpdGluZyBnZXN0dXJlcy5cbiAgY29uc3Qgb3ZlcmxheT1kb2N1bWVudC5nZXRFbGVtZW50QnlJZCgnZWRpdC1vdmVybGF5Jyk7XG4gIGlmKG92ZXJsYXkpe1xuICAgIG92ZXJsYXkuYWRkRXZlbnRMaXN0ZW5lcigncG9pbnRlcmRvd24nLGNsZWFyTG9ja2VkU2VsZWN0aW9uLHRydWUpO1xuICAgIG92ZXJsYXkuYWRkRXZlbnRMaXN0ZW5lcignbW91c2Vkb3duJyxjbGVhckxvY2tlZFNlbGVjdGlvbix0cnVlKTtcbiAgfVxuXG4gIGNvbnN0IGxvY2tPdGhlcnM9ZG9jdW1lbnQuZ2V0RWxlbWVudEJ5SWQoJ2J0bi1sb2NrLW90aGVycycpO1xuICBpZihsb2NrT3RoZXJzKXtcbiAgICBsb2NrT3RoZXJzLmFkZEV2ZW50TGlzdGVuZXIoJ2NsaWNrJywoKT0+e1xuICAgICAgY29uc3Qga2VlcERyYXc9bmV3IFNldCgpO1xuICAgICAgdHJ5eyBBcnJheS5mcm9tKHNlbGVjdGVkRHJhd0luZGljZXN8fFtdKS5mb3JFYWNoKGluZGV4PT57IGlmKCFkcmF3TG9ja2VkKGluZGV4KSkga2VlcERyYXcuYWRkKGluZGV4KTsgfSk7IH1jYXRjaChfZSl7fVxuICAgICAgbGV0IGtlZXBFZmZlY3Q9LTE7XG4gICAgICB0cnl7IGlmKGtlZXBEcmF3LnNpemU9PT0wICYmIHR5cGVvZiBhY3RpdmVJbmRleD09PSdudW1iZXInICYmIGFjdGl2ZUluZGV4Pj0wICYmICFlZmZlY3RMb2NrZWQoYWN0aXZlSW5kZXgpKSBrZWVwRWZmZWN0PWFjdGl2ZUluZGV4OyB9Y2F0Y2goX2Upe31cbiAgICAgIGlmKGtlZXBEcmF3LnNpemU9PT0wICYmIGtlZXBFZmZlY3Q8MCl7XG4gICAgICAgIHRyeXsgaWYodHlwZW9mIHdhcm49PT0nZnVuY3Rpb24nKSB3YXJuKCdTZWxlY3QgdGhlIGxheWVyIG9yIGxheWVycyB5b3Ugd2FudCB0byBrZWVwIGVkaXRhYmxlLCB0aGVuIGNob29zZSBMb2NrIE90aGVycy4nKTsgfWNhdGNoKF9lKXt9XG4gICAgICAgIHJldHVybjtcbiAgICAgIH1cbiAgICAgIHRyeXtcbiAgICAgICAgKGRyYXdPYmplY3RzfHxbXSkuZm9yRWFjaCgob2JqLGluZGV4KT0+eyBpZihvYmopIG9iai5sYXllckxvY2tlZD0ha2VlcERyYXcuaGFzKGluZGV4KTsgfSk7XG4gICAgICAgIChsYXllcnN8fFtdKS5mb3JFYWNoKChsYXllcixpbmRleCk9PnsgaWYobGF5ZXIpIGxheWVyLmxheWVyTG9ja2VkPWluZGV4IT09a2VlcEVmZmVjdDsgfSk7XG4gICAgICB9Y2F0Y2goX2Upe31cbiAgICAgIHJlZnJlc2hMb2NrVUkoKTtcbiAgICB9KTtcbiAgfVxuXG4gIGNvbnN0IHVubG9ja0FsbD1kb2N1bWVudC5nZXRFbGVtZW50QnlJZCgnYnRuLXVubG9jay1hbGwnKTtcbiAgaWYodW5sb2NrQWxsKXtcbiAgICB1bmxvY2tBbGwuYWRkRXZlbnRMaXN0ZW5lcignY2xpY2snLCgpPT57XG4gICAgICB0cnl7IChkcmF3T2JqZWN0c3x8W10pLmZvckVhY2gob2JqPT57IGlmKG9iaikgb2JqLmxheWVyTG9ja2VkPWZhbHNlOyB9KTsgfWNhdGNoKF9lKXt9XG4gICAgICB0cnl7IChsYXllcnN8fFtdKS5mb3JFYWNoKGxheWVyPT57IGlmKGxheWVyKSBsYXllci5sYXllckxvY2tlZD1mYWxzZTsgfSk7IH1jYXRjaChfZSl7fVxuICAgICAgcmVmcmVzaExvY2tVSSgpO1xuICAgIH0pO1xuICB9XG5cbiAgLy8gTXV0YXRpb24gb2JzZXJ2ZXIgY2F0Y2hlcyBwcm9qZWN0IGxvYWRzL2ltcG9ydHMgYW5kIG90aGVyIFVJIHJlYnVpbGRzIHRoYXQgcmVwbGFjZSBsYXllciByb3dzIGRpcmVjdGx5LlxuICBjb25zdCBsaXN0PWRvY3VtZW50LmdldEVsZW1lbnRCeUlkKCdsYXllci1saXN0Jyk7XG4gIGlmKGxpc3Qpe1xuICAgIGxldCBkZWNvcmF0aW5nPWZhbHNlO1xuICAgIGNvbnN0IG9ic2VydmVyPW5ldyBNdXRhdGlvbk9ic2VydmVyKCgpPT57XG4gICAgICBpZihkZWNvcmF0aW5nKSByZXR1cm47XG4gICAgICBkZWNvcmF0aW5nPXRydWU7XG4gICAgICBxdWV1ZU1pY3JvdGFzaygoKT0+eyB0cnl7IGRlY29yYXRlTGF5ZXJSb3dzKCk7IH1maW5hbGx5eyBkZWNvcmF0aW5nPWZhbHNlOyB9IH0pO1xuICAgIH0pO1xuICAgIG9ic2VydmVyLm9ic2VydmUobGlzdCx7Y2hpbGRMaXN0OnRydWV9KTtcbiAgfVxuXG4gIGRlY29yYXRlTGF5ZXJSb3dzKCk7XG59KSgpO1xuPC9zY3JpcHQ+XG4nJycKaWYgJ0x1a2VBbmltYXRlIHYxODQgbGF5ZXIgbG9ja2luZyBleHRlbnNpb24nIG5vdCBpbiBzOgogICAgaWYgJzwvYm9keT4nIG5vdCBpbiBzOiByYWlzZSBTeXN0ZW1FeGl0KCdib2R5IGNsb3NlIG1pc3NpbmcnKQogICAgcz1zLnJlcGxhY2UoJzwvYm9keT4nLHNjcmlwdCsnXG48L2JvZHk+JywxKQoKaWYgcz09b3JpZzogcmFpc2UgU3lzdGVtRXhpdCgnTm8gY2hhbmdlcyBtYWRlJykKcC53cml0ZV90ZXh0KHMsZW5jb2Rpbmc9J3V0Zi04JykKcHJpbnQoJ1BhdGNoZWQgaW5kZXguaHRtbDonLGxlbihvcmlnKSwnLT4nLGxlbihzKSkK' | base64 -d > /tmp/apply_layer_lock.py
          python3 /tmp/apply_layer_lock.py

      - name: Validate injected layer locking script
        shell: bash
        run: |
          python3 - <<'PYTHON'
          from pathlib import Path
          import re
          s=Path('index.html').read_text(encoding='utf-8')
          assert '<title>Luke Animate v184</title>' in s
          assert 'id="btn-lock-others"' in s
          assert 'id="btn-unlock-all"' in s
          assert 'LukeAnimate v184 layer locking extension' in s
          m=re.search(r'<script>\n/\* LukeAnimate v184 layer locking extension.*?</script>',s,re.S)
          assert m, 'injected layer locking script not found'
          code=m.group(0).replace('<script>','',1).rsplit('</script>',1)[0]
          Path('/tmp/layer-lock.js').write_text(code,encoding='utf-8')
          print('Layer locking markers validated.')
          PYTHON
          node --check /tmp/layer-lock.js

      - name: Commit layer locking
        shell: bash
        run: |
          git config user.name "github-actions[bot]"
          git config user.email "41898282+github-actions[bot]@users.noreply.github.com"
          rm -f .github/layer-lock-patch.trigger .github/workflows/apply-layer-lock.yml
          git add index.html .github
          git commit -m "Add persistent layer locking to Luke Animate"
          git push
